
Microsoft Visual Studio Solution File, Format Version 12.00
# Visual Studio Version 17
VisualStudioVersion = 17.1.32407.343
MinimumVisualStudioVersion = 10.0.40219.1
Project("{FAE04EC0-301F-11D3-BF4B-00C04F79EFBC}") = "ToDoApp Project", "ToDoApp Project\ToDoApp Project.csproj", "{6DDBAEDF-C289-4A94-99D1-97BA5496DA13}"
EndProject
Global
	GlobalSection(SolutionConfigurationPlatforms) = preSolution
		Debug|Any CPU = Debug|Any CPU
		Release|Any CPU = Release|Any CPU
	EndGlobalSection
	GlobalSection(ProjectConfigurationPlatforms) = postSolution
		{6DDBAEDF-C289-4A94-99D1-97BA5496DA13}.Debug|Any CPU.ActiveCfg = Debug|Any CPU
		{6DDBAEDF-C289-4A94-99D1-97BA5496DA13}.Debug|Any CPU.Build.0 = Debug|Any CPU
		{6DDBAEDF-C289-4A94-99D1-97BA5496DA13}.Release|Any CPU.ActiveCfg = Release|Any CPU
		{6DDBAEDF-C289-4A94-99D1-97BA5496DA13}.Release|Any CPU.Build.0 = Release|Any CPU
	EndGlobalSection
	GlobalSection(SolutionProperties) = preSolution
		HideSolutionNode = FALSE
	EndGlobalSection
	GlobalSection(ExtensibilityGlobals) = postSolution
		SolutionGuid = {C842A31D-4008-463C-A832-6F8EAB40A557}
	EndGlobalSection
EndGlobal
